github.com/TheSlopMachine/llm-router-sdk v0.0.0-20260509200534-5998c7ba59c2 h1:B3A0MLo+RbCH4R+7c0AAXWVFB/cBUFVVjEJWvwDMqjU=
github.com/TheSlopMachine/llm-router-sdk v0.0.0-20260509200534-5998c7ba59c2/go.mod h1:8sl9tMKYIHOpRAbv2lk8TKHftfwL9WaUM4VGYe6jM80=
github.com/TheSlopMachine/llm-router-sdk v0.0.0-20260509223403-813fcb1fbc33 h1:RhIsHmB9Cn6YDkLeBimMiBOMbwxEmwdR8gU4AjwCL9g=
github.com/TheSlopMachine/llm-router-sdk v0.0.0-20260509223403-813fcb1fbc33/go.mod h1:8sl9tMKYIHOpRAbv2lk8TKHftfwL9WaUM4VGYe6jM80=
